
Microsoft Visual Studio Solution File, Format Version 12.00
# Visual Studio 14
VisualStudioVersion = 14.0.24720.0
MinimumVisualStudioVersion = 10.0.40219.1
Project("{FAE04EC0-301F-11D3-BF4B-00C04F79EFBC}") = "BogdanM.LocationServices.GoogleMaps", "BogdanM.LocationServices.GoogleMaps\BogdanM.LocationServices.GoogleMaps.csproj", "{B3F41E31-C761-4FE4-8C1B-2E01FF9C42A0}"
EndProject
Global
	GlobalSection(SolutionConfigurationPlatforms) = preSolution
		Debug|Any CPU = Debug|Any CPU
		Release|Any CPU = Release|Any CPU
	EndGlobalSection
	GlobalSection(ProjectConfigurationPlatforms) = postSolution
		{B3F41E31-C761-4FE4-8C1B-2E01FF9C42A0}.Debug|Any CPU.ActiveCfg = Debug|Any CPU
		{B3F41E31-C761-4FE4-8C1B-2E01FF9C42A0}.Debug|Any CPU.Build.0 = Debug|Any CPU
		{B3F41E31-C761-4FE4-8C1B-2E01FF9C42A0}.Release|Any CPU.ActiveCfg = Release|Any CPU
		{B3F41E31-C761-4FE4-8C1B-2E01FF9C42A0}.Release|Any CPU.Build.0 = Release|Any CPU
	EndGlobalSection
	GlobalSection(SolutionProperties) = preSolution
		HideSolutionNode = FALSE
	EndGlobalSection
EndGlobal
